// !$*UTF8*$!
{
	archiveVersion = 1;
	classes = {
	};
	objectVersion = 50;
	objects = {

/* Begin PBXBuildFile section */
		9B0D74FE22308B5A0050C8B4 /* AppDelegate.swift in Sources */ = {isa = PBXBuildFile; fileRef = 9B0D74FD22308B5A0050C8B4 /* AppDelegate.swift */; };
		9B0D750022308B5A0050C8B4 /* LoginViewController.swift in Sources */ = {isa = PBXBuildFile; fileRef = 9B0D74FF22308B5A0050C8B4 /* LoginViewController.swift */; };
		9B0D750322308B5A0050C8B4 /* Main.storyboard in Resources */ = {isa = PBXBuildFile; fileRef = 9B0D750122308B5A0050C8B4 /* Main.storyboard */; };
		9B0D750522308B5B0050C8B4 /* Assets.xcassets in Resources */ = {isa = PBXBuildFile; fileRef = 9B0D750422308B5B0050C8B4 /* Assets.xcassets */; };
		9B0D750822308B5B0050C8B4 /* LaunchScreen.storyboard in Resources */ = {isa = PBXBuildFile; fileRef = 9B0D750622308B5B0050C8B4 /* LaunchScreen.storyboard */; };
		9B0D751322308B5B0050C8B4 /* day_3Tests.swift in Sources */ = {isa = PBXBuildFile; fileRef = 9B0D751222308B5B0050C8B4 /* day_3Tests.swift */; };
		9B0D751E22308B5B0050C8B4 /* day_3UITests.swift in Sources */ = {isa = PBXBuildFile; fileRef = 9B0D751D22308B5B0050C8B4 /* day_3UITests.swift */; };
		9B0D752C22308D440050C8B4 /* HomeViewController.swift in Sources */ = {isa = PBXBuildFile; fileRef = 9B0D752B22308D440050C8B4 /* HomeViewController.swift */; };
		9B0D752E22309FEE0050C8B4 /* AboutViewController.swift in Sources */ = {isa = PBXBuildFile; fileRef = 9B0D752D22309FEE0050C8B4 /* AboutViewController.swift */; };
/* End PBXBuildFile section */

/* Begin PBXContainerItemProxy section */
		9B0D750F22308B5B0050C8B4 /* PBXContainerItemProxy */ = {
			isa = PBXContainerItemProxy;
			containerPortal = 9B0D74F222308B5A0050C8B4 /* Project object */;
			proxyType = 1;
			remoteGlobalIDString = 9B0D74F922308B5A0050C8B4;
			remoteInfo = "day-3";
		};
		9B0D751A22308B5B0050C8B4 /* PBXContainerItemProxy */ = {
			isa = PBXContainerItemProxy;
			containerPortal = 9B0D74F222308B5A0050C8B4 /* Project object */;
			proxyType = 1;
			remoteGlobalIDString = 9B0D74F922308B5A0050C8B4;
			remoteInfo = "day-3";
		};
/* End PBXContainerItemProxy section */

/* Begin PBXFileReference section */
		9B0D74FA22308B5A0050C8B4 /* day-3.app */ = {isa = PBXFileReference; explicitFileType = wrapper.application; includeInIndex = 0; path = "day-3.app"; sourceTree = BUILT_PRODUCTS_DIR; };
		9B0D74FD22308B5A0050C8B4 /* AppDelegate.swift */ = {isa = PBXFileReference; lastKnownFileType = sourcecode.swift; path = AppDelegate.swift; sourceTree = "<group>"; };
		9B0D74FF22308B5A0050C8B4 /* LoginViewController.swift */ = {isa = PBXFileReference; lastKnownFileType = sourcecode.swift; path = LoginViewController.swift; sourceTree = "<group>"; };
		9B0D750222308B5A0050C8B4 /* Base */ = {isa = PBXFileReference; lastKnownFileType = file.storyboard; name = Base; path = Base.lproj/Main.storyboard; sourceTree = "<group>"; };
		9B0D750422308B5B0050C8B4 /* Assets.xcassets */ = {isa = PBXFileReference; lastKnownFileType = folder.assetcatalog; path = Assets.xcassets; sourceTree = "<group>"; };
		9B0D750722308B5B0050C8B4 /* Base */ = {isa = PBXFileReference; lastKnownFileType = file.storyboard; name = Base; path = Base.lproj/LaunchScreen.storyboard; sourceTree = "<group>"; };
		9B0D750922308B5B0050C8B4 /* Info.plist */ = {isa = PBXFileReference; lastKnownFileType = text.plist.xml; path = Info.plist; sourceTree = "<group>"; };
		9B0D750E22308B5B0050C8B4 /* day-3Tests.xctest */ = {isa = PBXFileReference; explicitFileType = wrapper.cfbundle; includeInIndex = 0; path = "day-3Tests.xctest"; sourceTree = BUILT_PRODUCTS_DIR; };
		9B0D751222308B5B0050C8B4 /* day_3Tests.swift */ = {isa = PBXFileReference; lastKnownFileType = sourcecode.swift; path = day_3Tests.swift; sourceTree = "<group>"; };
		9B0D751422308B5B0050C8B4 /* Info.plist */ = {isa = PBXFileReference; lastKnownFileType = text.plist.xml; path = Info.plist; sourceTree = "<group>"; };
		9B0D751922308B5B0050C8B4 /* day-3UITests.xctest */ = {isa = PBXFileReference; explicitFileType = wrapper.cfbundle; includeInIndex = 0; path = "day-3UITests.xctest"; sourceTree = BUILT_PRODUCTS_DIR; };
		9B0D751D22308B5B0050C8B4 /* day_3UITests.swift */ = {isa = PBXFileReference; lastKnownFileType = sourcecode.swift; path = day_3UITests.swift; sourceTree = "<group>"; };
		9B0D751F22308B5B0050C8B4 /* Info.plist */ = {isa = PBXFileReference; lastKnownFileType = text.plist.xml; path = Info.plist; sourceTree = "<group>"; };
		9B0D752B22308D440050C8B4 /* HomeViewController.swift */ = {isa = PBXFileReference; lastKnownFileType = sourcecode.swift; path = HomeViewController.swift; sourceTree = "<group>"; };
		9B0D752D22309FEE0050C8B4 /* AboutViewController.swift */ = {isa = PBXFileReference; lastKnownFileType = sourcecode.swift; path = AboutViewController.swift; sourceTree = "<group>"; };
/* End PBXFileReference section */

/* Begin PBXFrameworksBuildPhase section */
		9B0D74F722308B5A0050C8B4 /* Frameworks */ = {
			isa = PBXFrameworksBuildPhase;
			buildActionMask = 2147483647;
			files = (
			);
			runOnlyForDeploymentPostprocessing = 0;
		};
		9B0D750B22308B5B0050C8B4 /* Frameworks */ = {
			isa = PBXFrameworksBuildPhase;
			buildActionMask = 2147483647;
			files = (
			);
			runOnlyForDeploymentPostprocessing = 0;
		};
		9B0D751622308B5B0050C8B4 /* Frameworks */ = {
			isa = PBXFrameworksBuildPhase;
			buildActionMask = 2147483647;
			files = (
			);
			runOnlyForDeploymentPostprocessing = 0;
		};
/* End PBXFrameworksBuildPhase section */

/* Begin PBXGroup section */
		9B0D74F122308B5A0050C8B4 = {
			isa = PBXGroup;
			children = (
				9B0D74FC22308B5A0050C8B4 /* day-3 */,
				9B0D751122308B5B0050C8B4 /* day-3Tests */,
				9B0D751C22308B5B0050C8B4 /* day-3UITests */,
				9B0D74FB22308B5A0050C8B4 /* Products */,
			);
			sourceTree = "<group>";
		};
		9B0D74FB22308B5A0050C8B4 /* Products */ = {
			isa = PBXGroup;
			children = (
				9B0D74FA22308B5A0050C8B4 /* day-3.app */,
				9B0D750E22308B5B0050C8B4 /* day-3Tests.xctest */,
				9B0D751922308B5B0050C8B4 /* day-3UITests.xctest */,
			);
			name = Products;
			sourceTree = "<group>";
		};
		9B0D74FC22308B5A0050C8B4 /* day-3 */ = {
			isa = PBXGroup;
			children = (
				9B0D74FD22308B5A0050C8B4 /* AppDelegate.swift */,
				9B0D74FF22308B5A0050C8B4 /* LoginViewController.swift */,
				9B0D750122308B5A0050C8B4 /* Main.storyboard */,
				9B0D750422308B5B0050C8B4 /* Assets.xcassets */,
				9B0D750622308B5B0050C8B4 /* LaunchScreen.storyboard */,
				9B0D750922308B5B0050C8B4 /* Info.plist */,
				9B0D752B22308D440050C8B4 /* HomeViewController.swift */,
				9B0D752D22309FEE0050C8B4 /* AboutViewController.swift */,
			);
			path = "day-3";
			sourceTree = "<group>";
		};
		9B0D751122308B5B0050C8B4 /* day-3Tests */ = {
			isa = PBXGroup;
			children = (
				9B0D751222308B5B0050C8B4 /* day_3Tests.swift */,
				9B0D751422308B5B0050C8B4 /* Info.plist */,
			);
			path = "day-3Tests";
			sourceTree = "<group>";
		};
		9B0D751C22308B5B0050C8B4 /* day-3UITests */ = {
			isa = PBXGroup;
			children = (
				9B0D751D22308B5B0050C8B4 /* day_3UITests.swift */,
				9B0D751F22308B5B0050C8B4 /* Info.plist */,
			);
			path = "day-3UITests";
			sourceTree = "<group>";
		};
/* End PBXGroup section */

/* Begin PBXNativeTarget section */
		9B0D74F922308B5A0050C8B4 /* day-3 */ = {
			isa = PBXNativeTarget;
			buildConfigurationList = 9B0D752222308B5B0050C8B4 /* Build configuration list for PBXNativeTarget "day-3" */;
			buildPhases = (
				9B0D74F622308B5A0050C8B4 /* Sources */,
				9B0D74F722308B5A0050C8B4 /* Frameworks */,
				9B0D74F822308B5A0050C8B4 /* Resources */,
			);
			buildRules = (
			);
			dependencies = (
			);
			name = "day-3";
			productName = "day-3";
			productReference = 9B0D74FA22308B5A0050C8B4 /* day-3.app */;
			productType = "com.apple.product-type.application";
		};
		9B0D750D22308B5B0050C8B4 /* day-3Tests */ = {
			isa = PBXNativeTarget;
			buildConfigurationList = 9B0D752522308B5B0050C8B4 /* Build configuration list for PBXNativeTarget "day-3Tests" */;
			buildPhases = (
				9B0D750A22308B5B0050C8B4 /* Sources */,
				9B0D750B22308B5B0050C8B4 /* Frameworks */,
				9B0D750C22308B5B0050C8B4 /* Resources */,
			);
			buildRules = (
			);
			dependencies = (
				9B0D751022308B5B0050C8B4 /* PBXTargetDependency */,
			);
			name = "day-3Tests";
			productName = "day-3Tests";
			productReference = 9B0D750E22308B5B0050C8B4 /* day-3Tests.xctest */;
			productType = "com.apple.product-type.bundle.unit-test";
		};
		9B0D751822308B5B0050C8B4 /* day-3UITests */ = {
			isa = PBXNativeTarget;
			buildConfigurationList = 9B0D752822308B5B0050C8B4 /* Build configuration list for PBXNativeTarget "day-3UITests" */;
			buildPhases = (
				9B0D751522308B5B0050C8B4 /* Sources */,
				9B0D751622308B5B0050C8B4 /* Frameworks */,
				9B0D751722308B5B0050C8B4 /* Resources */,
			);
			buildRules = (
			);
			dependencies = (
				9B0D751B22308B5B0050C8B4 /* PBXTargetDependency */,
			);
			name = "day-3UITests";
			productName = "day-3UITests";
			productReference = 9B0D751922308B5B0050C8B4 /* day-3UITests.xctest */;
			productType = "com.apple.product-type.bundle.ui-testing";
		};
/* End PBXNativeTarget section */

/* Begin PBXProject section */
		9B0D74F222308B5A0050C8B4 /* Project object */ = {
			isa = PBXProject;
			attributes = {
				LastSwiftUpdateCheck = 1010;
				LastUpgradeCheck = 1010;
				ORGANIZATIONNAME = MacStudent;
				TargetAttributes = {
					9B0D74F922308B5A0050C8B4 = {
						CreatedOnToolsVersion = 10.1;
					};
					9B0D750D22308B5B0050C8B4 = {
						CreatedOnToolsVersion = 10.1;
						TestTargetID = 9B0D74F922308B5A0050C8B4;
					};
					9B0D751822308B5B0050C8B4 = {
						CreatedOnToolsVersion = 10.1;
						TestTargetID = 9B0D74F922308B5A0050C8B4;
					};
				};
			};
			buildConfigurationList = 9B0D74F522308B5A0050C8B4 /* Build configuration list for PBXProject "day-3" */;
			compatibilityVersion = "Xcode 9.3";
			developmentRegion = en;
			hasScannedForEncodings = 0;
			knownRegions = (
				en,
				Base,
			);
			mainGroup = 9B0D74F122308B5A0050C8B4;
			productRefGroup = 9B0D74FB22308B5A0050C8B4 /* Products */;
			projectDirPath = "";
			projectRoot = "";
			targets = (
				9B0D74F922308B5A0050C8B4 /* day-3 */,
				9B0D750D22308B5B0050C8B4 /* day-3Tests */,
				9B0D751822308B5B0050C8B4 /* day-3UITests */,
			);
		};
/* End PBXProject section */

/* Begin PBXResourcesBuildPhase section */
		9B0D74F822308B5A0050C8B4 /* Resources */ = {
			isa = PBXResourcesBuildPhase;
			buildActionMask = 2147483647;
			files = (
				9B0D750822308B5B0050C8B4 /* LaunchScreen.storyboard in Resources */,
				9B0D750522308B5B0050C8B4 /* Assets.xcassets in Resources */,
				9B0D750322308B5A0050C8B4 /* Main.storyboard in Resources */,
			);
			runOnlyForDeploymentPostprocessing = 0;
		};
		9B0D750C22308B5B0050C8B4 /* Resources */ = {
			isa = PBXResourcesBuildPhase;
			buildActionMask = 2147483647;
			files = (
			);
			runOnlyForDeploymentPostprocessing = 0;
		};
		9B0D751722308B5B0050C8B4 /* Resources */ = {
			isa = PBXResourcesBuildPhase;
			buildActionMask = 2147483647;
			files = (
			);
			runOnlyForDeploymentPostprocessing = 0;
		};
/* End PBXResourcesBuildPhase section */

/* Begin PBXSourcesBuildPhase section */
		9B0D74F622308B5A0050C8B4 /* Sources */ = {
			isa = PBXSourcesBuildPhase;
			buildActionMask = 2147483647;
			files = (
				9B0D750022308B5A0050C8B4 /* LoginViewController.swift in Sources */,
				9B0D74FE22308B5A0050C8B4 /* AppDelegate.swift in Sources */,
				9B0D752E22309FEE0050C8B4 /* AboutViewController.swift in Sources */,
				9B0D752C22308D440050C8B4 /* HomeViewController.swift in Sources */,
			);
			runOnlyForDeploymentPostprocessing = 0;
		};
		9B0D750A22308B5B0050C8B4 /* Sources */ = {
			isa = PBXSourcesBuildPhase;
			buildActionMask = 2147483647;
			files = (
				9B0D751322308B5B0050C8B4 /* day_3Tests.swift in Sources */,
			);
			runOnlyForDeploymentPostprocessing = 0;
		};
		9B0D751522308B5B0050C8B4 /* Sources */ = {
			isa = PBXSourcesBuildPhase;
			buildActionMask = 2147483647;
			files = (
				9B0D751E22308B5B0050C8B4 /* day_3UITests.swift in Sources */,
			);
			runOnlyForDeploymentPostprocessing = 0;
		};
/* End PBXSourcesBuildPhase section */

/* Begin PBXTargetDependency section */
		9B0D751022308B5B0050C8B4 /* PBXTargetDependency */ = {
			isa = PBXTargetDependency;
			target = 9B0D74F922308B5A0050C8B4 /* day-3 */;
			targetProxy = 9B0D750F22308B5B0050C8B4 /* PBXContainerItemProxy */;
		};
		9B0D751B22308B5B0050C8B4 /* PBXTargetDependency */ = {
			isa = PBXTargetDependency;
			target = 9B0D74F922308B5A0050C8B4 /* day-3 */;
			targetProxy = 9B0D751A22308B5B0050C8B4 /* PBXContainerItemProxy */;
		};
/* End PBXTargetDependency section */

/* Begin PBXVariantGroup section */
		9B0D750122308B5A0050C8B4 /* Main.storyboard */ = {
			isa = PBXVariantGroup;
			children = (
				9B0D750222308B5A0050C8B4 /* Base */,
			);
			name = Main.storyboard;
			sourceTree = "<group>";
		};
		9B0D750622308B5B0050C8B4 /* LaunchScreen.storyboard */ = {
			isa = PBXVariantGroup;
			children = (
				9B0D750722308B5B0050C8B4 /* Base */,
			);
			name = LaunchScreen.storyboard;
			sourceTree = "<group>";
		};
/* End PBXVariantGroup section */

/* Begin XCBuildConfiguration section */
		9B0D752022308B5B0050C8B4 /* Debug */ = {
			isa = XCBuildConfiguration;
			buildSettings = {
				ALWAYS_SEARCH_USER_PATHS = NO;
				CLANG_ANALYZER_NONNULL = YES;
				CLANG_ANALYZER_NUMBER_OBJECT_CONVERSION = YES_AGGRESSIVE;
				CLANG_CXX_LANGUAGE_STANDARD = "gnu++14";
				CLANG_CXX_LIBRARY = "libc++";
				CLANG_ENABLE_MODULES = YES;
				CLANG_ENABLE_OBJC_ARC = YES;
				CLANG_ENABLE_OBJC_WEAK = YES;
				CLANG_WARN_BLOCK_CAPTURE_AUTORELEASING = YES;
				CLANG_WARN_BOOL_CONVERSION = YES;
				CLANG_WARN_COMMA = YES;
				CLANG_WARN_CONSTANT_CONVERSION = YES;
				CLANG_WARN_DEPRECATED_OBJC_IMPLEMENTATIONS = YES;
				CLANG_WARN_DIRECT_OBJC_ISA_USAGE = YES_ERROR;
				CLANG_WARN_DOCUMENTATION_COMMENTS = YES;
				CLANG_WARN_EMPTY_BODY = YES;
				CLANG_WARN_ENUM_CONVERSION = YES;
				CLANG_WARN_INFINITE_RECURSION = YES;
				CLANG_WARN_INT_CONVERSION = YES;
				CLANG_WARN_NON_LITERAL_NULL_CONVERSION = YES;
				CLANG_WARN_OBJC_IMPLICIT_RETAIN_SELF = YES;
				CLANG_WARN_OBJC_LITERAL_CONVERSION = YES;
				CLANG_WARN_OBJC_ROOT_CLASS = YES_ERROR;
				CLANG_WARN_RANGE_LOOP_ANALYSIS = YES;
				CLANG_WARN_STRICT_PROTOTYPES = YES;
				CLANG_WARN_SUSPICIOUS_MOVE = YES;
				CLANG_WARN_UNGUARDED_AVAILABILITY = YES_AGGRESSIVE;
				CLANG_WARN_UNREACHABLE_CODE = YES;
				CLANG_WARN__DUPLICATE_METHOD_MATCH = YES;
				CODE_SIGN_IDENTITY = "iPhone Developer";
				COPY_PHASE_STRIP = NO;
				DEBUG_INFORMATION_FORMAT = dwarf;
				ENABLE_STRICT_OBJC_MSGSEND = YES;
				ENABLE_TESTABILITY = YES;
				GCC_C_LANGUAGE_STANDARD = gnu11;
				GCC_DYNAMIC_NO_PIC = NO;
				GCC_NO_COMMON_BLOCKS = YES;
				GCC_OPTIMIZATION_LEVEL = 0;
				GCC_PREPROCESSOR_DEFINITIONS = (
					"DEBUG=1",
					"$(inherited)",
				);
				GCC_WARN_64_TO_32_BIT_CONVERSION = YES;
				GCC_WARN_ABOUT_RETURN_TYPE = YES_ERROR;
				GCC_WARN_UNDECLARED_SELECTOR = YES;
				GCC_WARN_UNINITIALIZED_AUTOS = YES_AGGRESSIVE;
				GCC_WARN_UNUSED_FUNCTION = YES;
				GCC_WARN_UNUSED_VARIABLE = YES;
				IPHONEOS_DEPLOYMENT_TARGET = 12.1;
				MTL_ENABLE_DEBUG_INFO = INCLUDE_SOURCE;
				MTL_FAST_MATH = YES;
				ONLY_ACTIVE_ARCH = YES;
				SDKROOT = iphoneos;
				SWIFT_ACTIVE_COMPILATION_CONDITIONS = DEBUG;
				SWIFT_OPTIMIZATION_LEVEL = "-Onone";
			};
			name = Debug;
		};
		9B0D752122308B5B0050C8B4 /* Release */ = {
			isa = XCBuildConfiguration;
			buildSettings = {
				ALWAYS_SEARCH_USER_PATHS = NO;
				CLANG_ANALYZER_NONNULL = YES;
				CLANG_ANALYZER_NUMBER_OBJECT_CONVERSION = YES_AGGRESSIVE;
				CLANG_CXX_LANGUAGE_STANDARD = "gnu++14";
				CLANG_CXX_LIBRARY = "libc++";
				CLANG_ENABLE_MODULES = YES;
				CLANG_ENABLE_OBJC_ARC = YES;
				CLANG_ENABLE_OBJC_WEAK = YES;
				CLANG_WARN_BLOCK_CAPTURE_AUTORELEASING = YES;
				CLANG_WARN_BOOL_CONVERSION = YES;
				CLANG_WARN_COMMA = YES;
				CLANG_WARN_CONSTANT_CONVERSION = YES;
				CLANG_WARN_DEPRECATED_OBJC_IMPLEMENTATIONS = YES;
				CLANG_WARN_DIRECT_OBJC_ISA_USAGE = YES_ERROR;
				CLANG_WARN_DOCUMENTATION_COMMENTS = YES;
				CLANG_WARN_EMPTY_BODY = YES;
				CLANG_WARN_ENUM_CONVERSION = YES;
				CLANG_WARN_INFINITE_RECURSION = YES;
				CLANG_WARN_INT_CONVERSION = YES;
				CLANG_WARN_NON_LITERAL_NULL_CONVERSION = YES;
				CLANG_WARN_OBJC_IMPLICIT_RETAIN_SELF = YES;
				CLANG_WARN_OBJC_LITERAL_CONVERSION = YES;
				CLANG_WARN_OBJC_ROOT_CLASS = YES_ERROR;
				CLANG_WARN_RANGE_LOOP_ANALYSIS = YES;
				CLANG_WARN_STRICT_PROTOTYPES = YES;
				CLANG_WARN_SUSPICIOUS_MOVE = YES;
				CLANG_WARN_UNGUARDED_AVAILABILITY = YES_AGGRESSIVE;
				CLANG_WARN_UNREACHABLE_CODE = YES;
				CLANG_WARN__DUPLICATE_METHOD_MATCH = YES;
				CODE_SIGN_IDENTITY = "iPhone Developer";
				COPY_PHASE_STRIP = NO;
				DEBUG_INFORMATION_FORMAT = "dwarf-with-dsym";
				ENABLE_NS_ASSERTIONS = NO;
				ENABLE_STRICT_OBJC_MSGSEND = YES;
				GCC_C_LANGUAGE_STANDARD = gnu11;
				GCC_NO_COMMON_BLOCKS = YES;
				GCC_WARN_64_TO_32_BIT_CONVERSION = YES;
				GCC_WARN_ABOUT_RETURN_TYPE = YES_ERROR;
				GCC_WARN_UNDECLARED_SELECTOR = YES;
				GCC_WARN_UNINITIALIZED_AUTOS = YES_AGGRESSIVE;
				GCC_WARN_UNUSED_FUNCTION = YES;
				GCC_WARN_UNUSED_VARIABLE = YES;
				IPHONEOS_DEPLOYMENT_TARGET = 12.1;
				MTL_ENABLE_DEBUG_INFO = NO;
				MTL_FAST_MATH = YES;
				SDKROOT = iphoneos;
				SWIFT_COMPILATION_MODE = wholemodule;
				SWIFT_OPTIMIZATION_LEVEL = "-O";
				VALIDATE_PRODUCT = YES;
			};
			name = Release;
		};
		9B0D752322308B5B0050C8B4 /* Debug */ = {
			isa = XCBuildConfiguration;
			buildSettings = {
				ASSETCATALOG_COMPILER_APPICON_NAME = AppIcon;
				CODE_SIGN_STYLE = Automatic;
				INFOPLIST_FILE = "day-3/Info.plist";
				LD_RUNPATH_SEARCH_PATHS = (
					"$(inherited)",
					"@executable_path/Frameworks",
				);
				PRODUCT_BUNDLE_IDENTIFIER = "CestarCollege.day-3";
				PRODUCT_NAME = "$(TARGET_NAME)";
				SWIFT_VERSION = 4.2;
				TARGETED_DEVICE_FAMILY = "1,2";
			};
			name = Debug;
		};
		9B0D752422308B5B0050C8B4 /* Release */ = {
			isa = XCBuildConfiguration;
			buildSettings = {
				ASSETCATALOG_COMPILER_APPICON_NAME = AppIcon;
				CODE_SIGN_STYLE = Automatic;
				INFOPLIST_FILE = "day-3/Info.plist";
				LD_RUNPATH_SEARCH_PATHS = (
					"$(inherited)",
					"@executable_path/Frameworks",
				);
				PRODUCT_BUNDLE_IDENTIFIER = "CestarCollege.day-3";
				PRODUCT_NAME = "$(TARGET_NAME)";
				SWIFT_VERSION = 4.2;
				TARGETED_DEVICE_FAMILY = "1,2";
			};
			name = Release;
		};
		9B0D752622308B5B0050C8B4 /* Debug */ = {
			isa = XCBuildConfiguration;
			buildSettings = {
				ALWAYS_EMBED_SWIFT_STANDARD_LIBRARIES = YES;
				BUNDLE_LOADER = "$(TEST_HOST)";
				CODE_SIGN_STYLE = Automatic;
				INFOPLIST_FILE = "day-3Tests/Info.plist";
				LD_RUNPATH_SEARCH_PATHS = (
					"$(inherited)",
					"@executable_path/Frameworks",
					"@loader_path/Frameworks",
				);
				PRODUCT_BUNDLE_IDENTIFIER = "CestarCollege.day-3Tests";
				PRODUCT_NAME = "$(TARGET_NAME)";
				SWIFT_VERSION = 4.2;
				TARGETED_DEVICE_FAMILY = "1,2";
				TEST_HOST = "$(BUILT_PRODUCTS_DIR)/day-3.app/day-3";
			};
			name = Debug;
		};
		9B0D752722308B5B0050C8B4 /* Release */ = {
			isa = XCBuildConfiguration;
			buildSettings = {
				ALWAYS_EMBED_SWIFT_STANDARD_LIBRARIES = YES;
				BUNDLE_LOADER = "$(TEST_HOST)";
				CODE_SIGN_STYLE = Automatic;
				INFOPLIST_FILE = "day-3Tests/Info.plist";
				LD_RUNPATH_SEARCH_PATHS = (
					"$(inherited)",
					"@executable_path/Frameworks",
					"@loader_path/Frameworks",
				);
				PRODUCT_BUNDLE_IDENTIFIER = "CestarCollege.day-3Tests";
				PRODUCT_NAME = "$(TARGET_NAME)";
				SWIFT_VERSION = 4.2;
				TARGETED_DEVICE_FAMILY = "1,2";
				TEST_HOST = "$(BUILT_PRODUCTS_DIR)/day-3.app/day-3";
			};
			name = Release;
		};
		9B0D752922308B5B0050C8B4 /* Debug */ = {
			isa = XCBuildConfiguration;
			buildSettings = {
				ALWAYS_EMBED_SWIFT_STANDARD_LIBRARIES = YES;
				CODE_SIGN_STYLE = Automatic;
				INFOPLIST_FILE = "day-3UITests/Info.plist";
				LD_RUNPATH_SEARCH_PATHS = (
					"$(inherited)",
					"@executable_path/Frameworks",
					"@loader_path/Frameworks",
				);
				PRODUCT_BUNDLE_IDENTIFIER = "CestarCollege.day-3UITests";
				PRODUCT_NAME = "$(TARGET_NAME)";
				SWIFT_VERSION = 4.2;
				TARGETED_DEVICE_FAMILY = "1,2";
				TEST_TARGET_NAME = "day-3";
			};
			name = Debug;
		};
		9B0D752A22308B5B0050C8B4 /* Release */ = {
			isa = XCBuildConfiguration;
			buildSettings = {
				ALWAYS_EMBED_SWIFT_STANDARD_LIBRARIES = YES;
				CODE_SIGN_STYLE = Automatic;
				INFOPLIST_FILE = "day-3UITests/Info.plist";
				LD_RUNPATH_SEARCH_PATHS = (
					"$(inherited)",
					"@executable_path/Frameworks",
					"@loader_path/Frameworks",
				);
				PRODUCT_BUNDLE_IDENTIFIER = "CestarCollege.day-3UITests";
				PRODUCT_NAME = "$(TARGET_NAME)";
				SWIFT_VERSION = 4.2;
				TARGETED_DEVICE_FAMILY = "1,2";
				TEST_TARGET_NAME = "day-3";
			};
			name = Release;
		};
/* End XCBuildConfiguration section */

/* Begin XCConfigurationList section */
		9B0D74F522308B5A0050C8B4 /* Build configuration list for PBXProject "day-3" */ = {
			isa = XCConfigurationList;
			buildConfigurations = (
				9B0D752022308B5B0050C8B4 /* Debug */,
				9B0D752122308B5B0050C8B4 /* Release */,
			);
			defaultConfigurationIsVisible = 0;
			defaultConfigurationName = Release;
		};
		9B0D752222308B5B0050C8B4 /* Build configuration list for PBXNativeTarget "day-3" */ = {
			isa = XCConfigurationList;
			buildConfigurations = (
				9B0D752322308B5B0050C8B4 /* Debug */,
				9B0D752422308B5B0050C8B4 /* Release */,
			);
			defaultConfigurationIsVisible = 0;
			defaultConfigurationName = Release;
		};
		9B0D752522308B5B0050C8B4 /* Build configuration list for PBXNativeTarget "day-3Tests" */ = {
			isa = XCConfigurationList;
			buildConfigurations = (
				9B0D752622308B5B0050C8B4 /* Debug */,
				9B0D752722308B5B0050C8B4 /* Release */,
			);
			defaultConfigurationIsVisible = 0;
			defaultConfigurationName = Release;
		};
		9B0D752822308B5B0050C8B4 /* Build configuration list for PBXNativeTarget "day-3UITests" */ = {
			isa = XCConfigurationList;
			buildConfigurations = (
				9B0D752922308B5B0050C8B4 /* Debug */,
				9B0D752A22308B5B0050C8B4 /* Release */,
			);
			defaultConfigurationIsVisible = 0;
			defaultConfigurationName = Release;
		};
/* End XCConfigurationList section */
	};
	rootObject = 9B0D74F222308B5A0050C8B4 /* Project object */;
}
